// !$*UTF8*$!
{
	archiveVersion = 1;
	classes = {
	};
	objectVersion = 48;
	objects = {

/* Begin PBXBuildFile section */
		86131401200D9D7200F451BD /* AppDelegate.m in Sources */ = {isa = PBXBuildFile; fileRef = 86131400200D9D7200F451BD /* AppDelegate.m */; };
		86131404200D9D7200F451BD /* ViewController.m in Sources */ = {isa = PBXBuildFile; fileRef = 86131403200D9D7200F451BD /* ViewController.m */; };
		86131407200D9D7200F451BD /* Main.storyboard in Resources */ = {isa = PBXBuildFile; fileRef = 86131405200D9D7200F451BD /* Main.storyboard */; };
		86131409200D9D7200F451BD /* Assets.xcassets in Resources */ = {isa = PBXBuildFile; fileRef = 86131408200D9D7200F451BD /* Assets.xcassets */; };
		8613140C200D9D7200F451BD /* LaunchScreen.storyboard in Resources */ = {isa = PBXBuildFile; fileRef = 8613140A200D9D7200F451BD /* LaunchScreen.storyboard */; };
		8613140F200D9D7200F451BD /* main.m in Sources */ = {isa = PBXBuildFile; fileRef = 8613140E200D9D7200F451BD /* main.m */; };
		86131419200D9D7300F451BD /* UIView__Tests.m in Sources */ = {isa = PBXBuildFile; fileRef = 86131418200D9D7300F451BD /* UIView__Tests.m */; };
		86131424200D9D7300F451BD /* UIView__UITests.m in Sources */ = {isa = PBXBuildFile; fileRef = 86131423200D9D7300F451BD /* UIView__UITests.m */; };
/* End PBXBuildFile section */

/* Begin PBXContainerItemProxy section */
		86131415200D9D7300F451BD /* PBXContainerItemProxy */ = {
			isa = PBXContainerItemProxy;
			containerPortal = 861313F4200D9D7200F451BD /* Project object */;
			proxyType = 1;
			remoteGlobalIDString = 861313FB200D9D7200F451BD;
			remoteInfo = "UIView动画";
		};
		86131420200D9D7300F451BD /* PBXContainerItemProxy */ = {
			isa = PBXContainerItemProxy;
			containerPortal = 861313F4200D9D7200F451BD /* Project object */;
			proxyType = 1;
			remoteGlobalIDString = 861313FB200D9D7200F451BD;
			remoteInfo = "UIView动画";
		};
/* End PBXContainerItemProxy section */

/* Begin PBXFileReference section */
		861313FC200D9D7200F451BD /* UIView动画.app */ = {isa = PBXFileReference; explicitFileType = wrapper.application; includeInIndex = 0; path = "UIView动画.app"; sourceTree = BUILT_PRODUCTS_DIR; };
		861313FF200D9D7200F451BD /* AppDelegate.h */ = {isa = PBXFileReference; lastKnownFileType = sourcecode.c.h; path = AppDelegate.h; sourceTree = "<group>"; };
		86131400200D9D7200F451BD /* AppDelegate.m */ = {isa = PBXFileReference; lastKnownFileType = sourcecode.c.objc; path = AppDelegate.m; sourceTree = "<group>"; };
		86131402200D9D7200F451BD /* ViewController.h */ = {isa = PBXFileReference; lastKnownFileType = sourcecode.c.h; path = ViewController.h; sourceTree = "<group>"; };
		86131403200D9D7200F451BD /* ViewController.m */ = {isa = PBXFileReference; lastKnownFileType = sourcecode.c.objc; path = ViewController.m; sourceTree = "<group>"; };
		86131406200D9D7200F451BD /* Base */ = {isa = PBXFileReference; lastKnownFileType = file.storyboard; name = Base; path = Base.lproj/Main.storyboard; sourceTree = "<group>"; };
		86131408200D9D7200F451BD /* Assets.xcassets */ = {isa = PBXFileReference; lastKnownFileType = folder.assetcatalog; path = Assets.xcassets; sourceTree = "<group>"; };
		8613140B200D9D7200F451BD /* Base */ = {isa = PBXFileReference; lastKnownFileType = file.storyboard; name = Base; path = Base.lproj/LaunchScreen.storyboard; sourceTree = "<group>"; };
		8613140D200D9D7200F451BD /* Info.plist */ = {isa = PBXFileReference; lastKnownFileType = text.plist.xml; path = Info.plist; sourceTree = "<group>"; };
		8613140E200D9D7200F451BD /* main.m */ = {isa = PBXFileReference; lastKnownFileType = sourcecode.c.objc; path = main.m; sourceTree = "<group>"; };
		86131414200D9D7300F451BD /* UIView动画Tests.xctest */ = {isa = PBXFileReference; explicitFileType = wrapper.cfbundle; includeInIndex = 0; path = "UIView动画Tests.xctest"; sourceTree = BUILT_PRODUCTS_DIR; };
		86131418200D9D7300F451BD /* UIView__Tests.m */ = {isa = PBXFileReference; lastKnownFileType = sourcecode.c.objc; path = UIView__Tests.m; sourceTree = "<group>"; };
		8613141A200D9D7300F451BD /* Info.plist */ = {isa = PBXFileReference; lastKnownFileType = text.plist.xml; path = Info.plist; sourceTree = "<group>"; };
		8613141F200D9D7300F451BD /* UIView动画UITests.xctest */ = {isa = PBXFileReference; explicitFileType = wrapper.cfbundle; includeInIndex = 0; path = "UIView动画UITests.xctest"; sourceTree = BUILT_PRODUCTS_DIR; };
		86131423200D9D7300F451BD /* UIView__UITests.m */ = {isa = PBXFileReference; lastKnownFileType = sourcecode.c.objc; path = UIView__UITests.m; sourceTree = "<group>"; };
		86131425200D9D7300F451BD /* Info.plist */ = {isa = PBXFileReference; lastKnownFileType = text.plist.xml; path = Info.plist; sourceTree = "<group>"; };
/* End PBXFileReference section */

/* Begin PBXFrameworksBuildPhase section */
		861313F9200D9D7200F451BD /* Frameworks */ = {
			isa = PBXFrameworksBuildPhase;
			buildActionMask = 2147483647;
			files = (
			);
			runOnlyForDeploymentPostprocessing = 0;
		};
		86131411200D9D7300F451BD /* Frameworks */ = {
			isa = PBXFrameworksBuildPhase;
			buildActionMask = 2147483647;
			files = (
			);
			runOnlyForDeploymentPostprocessing = 0;
		};
		8613141C200D9D7300F451BD /* Frameworks */ = {
			isa = PBXFrameworksBuildPhase;
			buildActionMask = 2147483647;
			files = (
			);
			runOnlyForDeploymentPostprocessing = 0;
		};
/* End PBXFrameworksBuildPhase section */

/* Begin PBXGroup section */
		861313F3200D9D7200F451BD = {
			isa = PBXGroup;
			children = (
				861313FE200D9D7200F451BD /* UIView动画 */,
				86131417200D9D7300F451BD /* UIView动画Tests */,
				86131422200D9D7300F451BD /* UIView动画UITests */,
				861313FD200D9D7200F451BD /* Products */,
			);
			sourceTree = "<group>";
		};
		861313FD200D9D7200F451BD /* Products */ = {
			isa = PBXGroup;
			children = (
				861313FC200D9D7200F451BD /* UIView动画.app */,
				86131414200D9D7300F451BD /* UIView动画Tests.xctest */,
				8613141F200D9D7300F451BD /* UIView动画UITests.xctest */,
			);
			name = Products;
			sourceTree = "<group>";
		};
		861313FE200D9D7200F451BD /* UIView动画 */ = {
			isa = PBXGroup;
			children = (
				861313FF200D9D7200F451BD /* AppDelegate.h */,
				86131400200D9D7200F451BD /* AppDelegate.m */,
				86131402200D9D7200F451BD /* ViewController.h */,
				86131403200D9D7200F451BD /* ViewController.m */,
				86131405200D9D7200F451BD /* Main.storyboard */,
				86131408200D9D7200F451BD /* Assets.xcassets */,
				8613140A200D9D7200F451BD /* LaunchScreen.storyboard */,
				8613140D200D9D7200F451BD /* Info.plist */,
				8613140E200D9D7200F451BD /* main.m */,
			);
			path = "UIView动画";
			sourceTree = "<group>";
		};
		86131417200D9D7300F451BD /* UIView动画Tests */ = {
			isa = PBXGroup;
			children = (
				86131418200D9D7300F451BD /* UIView__Tests.m */,
				8613141A200D9D7300F451BD /* Info.plist */,
			);
			path = "UIView动画Tests";
			sourceTree = "<group>";
		};
		86131422200D9D7300F451BD /* UIView动画UITests */ = {
			isa = PBXGroup;
			children = (
				86131423200D9D7300F451BD /* UIView__UITests.m */,
				86131425200D9D7300F451BD /* Info.plist */,
			);
			path = "UIView动画UITests";
			sourceTree = "<group>";
		};
/* End PBXGroup section */

/* Begin PBXNativeTarget section */
		861313FB200D9D7200F451BD /* UIView动画 */ = {
			isa = PBXNativeTarget;
			buildConfigurationList = 86131428200D9D7300F451BD /* Build configuration list for PBXNativeTarget "UIView动画" */;
			buildPhases = (
				861313F8200D9D7200F451BD /* Sources */,
				861313F9200D9D7200F451BD /* Frameworks */,
				861313FA200D9D7200F451BD /* Resources */,
			);
			buildRules = (
			);
			dependencies = (
			);
			name = "UIView动画";
			productName = "UIView动画";
			productReference = 861313FC200D9D7200F451BD /* UIView动画.app */;
			productType = "com.apple.product-type.application";
		};
		86131413200D9D7300F451BD /* UIView动画Tests */ = {
			isa = PBXNativeTarget;
			buildConfigurationList = 8613142B200D9D7300F451BD /* Build configuration list for PBXNativeTarget "UIView动画Tests" */;
			buildPhases = (
				86131410200D9D7300F451BD /* Sources */,
				86131411200D9D7300F451BD /* Frameworks */,
				86131412200D9D7300F451BD /* Resources */,
			);
			buildRules = (
			);
			dependencies = (
				86131416200D9D7300F451BD /* PBXTargetDependency */,
			);
			name = "UIView动画Tests";
			productName = "UIView动画Tests";
			productReference = 86131414200D9D7300F451BD /* UIView动画Tests.xctest */;
			productType = "com.apple.product-type.bundle.unit-test";
		};
		8613141E200D9D7300F451BD /* UIView动画UITests */ = {
			isa = PBXNativeTarget;
			buildConfigurationList = 8613142E200D9D7300F451BD /* Build configuration list for PBXNativeTarget "UIView动画UITests" */;
			buildPhases = (
				8613141B200D9D7300F451BD /* Sources */,
				8613141C200D9D7300F451BD /* Frameworks */,
				8613141D200D9D7300F451BD /* Resources */,
			);
			buildRules = (
			);
			dependencies = (
				86131421200D9D7300F451BD /* PBXTargetDependency */,
			);
			name = "UIView动画UITests";
			productName = "UIView动画UITests";
			productReference = 8613141F200D9D7300F451BD /* UIView动画UITests.xctest */;
			productType = "com.apple.product-type.bundle.ui-testing";
		};
/* End PBXNativeTarget section */

/* Begin PBXProject section */
		861313F4200D9D7200F451BD /* Project object */ = {
			isa = PBXProject;
			attributes = {
				LastUpgradeCheck = 0900;
				ORGANIZATIONNAME = "不愿透露姓名的洪先生";
				TargetAttributes = {
					861313FB200D9D7200F451BD = {
						CreatedOnToolsVersion = 9.0.1;
						ProvisioningStyle = Automatic;
					};
					86131413200D9D7300F451BD = {
						CreatedOnToolsVersion = 9.0.1;
						ProvisioningStyle = Automatic;
						TestTargetID = 861313FB200D9D7200F451BD;
					};
					8613141E200D9D7300F451BD = {
						CreatedOnToolsVersion = 9.0.1;
						ProvisioningStyle = Automatic;
						TestTargetID = 861313FB200D9D7200F451BD;
					};
				};
			};
			buildConfigurationList = 861313F7200D9D7200F451BD /* Build configuration list for PBXProject "UIView动画" */;
			compatibilityVersion = "Xcode 8.0";
			developmentRegion = en;
			hasScannedForEncodings = 0;
			knownRegions = (
				en,
				Base,
			);
			mainGroup = 861313F3200D9D7200F451BD;
			productRefGroup = 861313FD200D9D7200F451BD /* Products */;
			projectDirPath = "";
			projectRoot = "";
			targets = (
				861313FB200D9D7200F451BD /* UIView动画 */,
				86131413200D9D7300F451BD /* UIView动画Tests */,
				8613141E200D9D7300F451BD /* UIView动画UITests */,
			);
		};
/* End PBXProject section */

/* Begin PBXResourcesBuildPhase section */
		861313FA200D9D7200F451BD /* Resources */ = {
			isa = PBXResourcesBuildPhase;
			buildActionMask = 2147483647;
			files = (
				8613140C200D9D7200F451BD /* LaunchScreen.storyboard in Resources */,
				86131409200D9D7200F451BD /* Assets.xcassets in Resources */,
				86131407200D9D7200F451BD /* Main.storyboard in Resources */,
			);
			runOnlyForDeploymentPostprocessing = 0;
		};
		86131412200D9D7300F451BD /* Resources */ = {
			isa = PBXResourcesBuildPhase;
			buildActionMask = 2147483647;
			files = (
			);
			runOnlyForDeploymentPostprocessing = 0;
		};
		8613141D200D9D7300F451BD /* Resources */ = {
			isa = PBXResourcesBuildPhase;
			buildActionMask = 2147483647;
			files = (
			);
			runOnlyForDeploymentPostprocessing = 0;
		};
/* End PBXResourcesBuildPhase section */

/* Begin PBXSourcesBuildPhase section */
		861313F8200D9D7200F451BD /* Sources */ = {
			isa = PBXSourcesBuildPhase;
			buildActionMask = 2147483647;
			files = (
				86131404200D9D7200F451BD /* ViewController.m in Sources */,
				8613140F200D9D7200F451BD /* main.m in Sources */,
				86131401200D9D7200F451BD /* AppDelegate.m in Sources */,
			);
			runOnlyForDeploymentPostprocessing = 0;
		};
		86131410200D9D7300F451BD /* Sources */ = {
			isa = PBXSourcesBuildPhase;
			buildActionMask = 2147483647;
			files = (
				86131419200D9D7300F451BD /* UIView__Tests.m in Sources */,
			);
			runOnlyForDeploymentPostprocessing = 0;
		};
		8613141B200D9D7300F451BD /* Sources */ = {
			isa = PBXSourcesBuildPhase;
			buildActionMask = 2147483647;
			files = (
				86131424200D9D7300F451BD /* UIView__UITests.m in Sources */,
			);
			runOnlyForDeploymentPostprocessing = 0;
		};
/* End PBXSourcesBuildPhase section */

/* Begin PBXTargetDependency section */
		86131416200D9D7300F451BD /* PBXTargetDependency */ = {
			isa = PBXTargetDependency;
			target = 861313FB200D9D7200F451BD /* UIView动画 */;
			targetProxy = 86131415200D9D7300F451BD /* PBXContainerItemProxy */;
		};
		86131421200D9D7300F451BD /* PBXTargetDependency */ = {
			isa = PBXTargetDependency;
			target = 861313FB200D9D7200F451BD /* UIView动画 */;
			targetProxy = 86131420200D9D7300F451BD /* PBXContainerItemProxy */;
		};
/* End PBXTargetDependency section */

/* Begin PBXVariantGroup section */
		86131405200D9D7200F451BD /* Main.storyboard */ = {
			isa = PBXVariantGroup;
			children = (
				86131406200D9D7200F451BD /* Base */,
			);
			name = Main.storyboard;
			sourceTree = "<group>";
		};
		8613140A200D9D7200F451BD /* LaunchScreen.storyboard */ = {
			isa = PBXVariantGroup;
			children = (
				8613140B200D9D7200F451BD /* Base */,
			);
			name = LaunchScreen.storyboard;
			sourceTree = "<group>";
		};
/* End PBXVariantGroup section */

/* Begin XCBuildConfiguration section */
		86131426200D9D7300F451BD /* Debug */ = {
			isa = XCBuildConfiguration;
			buildSettings = {
				ALWAYS_SEARCH_USER_PATHS = NO;
				CLANG_ANALYZER_NONNULL = YES;
				CLANG_ANALYZER_NUMBER_OBJECT_CONVERSION = YES_AGGRESSIVE;
				CLANG_CXX_LANGUAGE_STANDARD = "gnu++14";
				CLANG_CXX_LIBRARY = "libc++";
				CLANG_ENABLE_MODULES = YES;
				CLANG_ENABLE_OBJC_ARC = YES;
				CLANG_WARN_BLOCK_CAPTURE_AUTORELEASING = YES;
				CLANG_WARN_BOOL_CONVERSION = YES;
				CLANG_WARN_COMMA = YES;
				CLANG_WARN_CONSTANT_CONVERSION = YES;
				CLANG_WARN_DIRECT_OBJC_ISA_USAGE = YES_ERROR;
				CLANG_WARN_DOCUMENTATION_COMMENTS = YES;
				CLANG_WARN_EMPTY_BODY = YES;
				CLANG_WARN_ENUM_CONVERSION = YES;
				CLANG_WARN_INFINITE_RECURSION = YES;
				CLANG_WARN_INT_CONVERSION = YES;
				CLANG_WARN_NON_LITERAL_NULL_CONVERSION = YES;
				CLANG_WARN_OBJC_LITERAL_CONVERSION = YES;
				CLANG_WARN_OBJC_ROOT_CLASS = YES_ERROR;
				CLANG_WARN_RANGE_LOOP_ANALYSIS = YES;
				CLANG_WARN_STRICT_PROTOTYPES = YES;
				CLANG_WARN_SUSPICIOUS_MOVE = YES;
				CLANG_WARN_UNGUARDED_AVAILABILITY = YES_AGGRESSIVE;
				CLANG_WARN_UNREACHABLE_CODE = YES;
				CLANG_WARN__DUPLICATE_METHOD_MATCH = YES;
				CODE_SIGN_IDENTITY = "iPhone Developer";
				COPY_PHASE_STRIP = NO;
				DEBUG_INFORMATION_FORMAT = dwarf;
				ENABLE_STRICT_OBJC_MSGSEND = YES;
				ENABLE_TESTABILITY = YES;
				GCC_C_LANGUAGE_STANDARD = gnu11;
				GCC_DYNAMIC_NO_PIC = NO;
				GCC_NO_COMMON_BLOCKS = YES;
				GCC_OPTIMIZATION_LEVEL = 0;
				GCC_PREPROCESSOR_DEFINITIONS = (
					"DEBUG=1",
					"$(inherited)",
				);
				GCC_WARN_64_TO_32_BIT_CONVERSION = YES;
				GCC_WARN_ABOUT_RETURN_TYPE = YES_ERROR;
				GCC_WARN_UNDECLARED_SELECTOR = YES;
				GCC_WARN_UNINITIALIZED_AUTOS = YES_AGGRESSIVE;
				GCC_WARN_UNUSED_FUNCTION = YES;
				GCC_WARN_UNUSED_VARIABLE = YES;
				IPHONEOS_DEPLOYMENT_TARGET = 11.0;
				MTL_ENABLE_DEBUG_INFO = YES;
				ONLY_ACTIVE_ARCH = YES;
				SDKROOT = iphoneos;
			};
			name = Debug;
		};
		86131427200D9D7300F451BD /* Release */ = {
			isa = XCBuildConfiguration;
			buildSettings = {
				ALWAYS_SEARCH_USER_PATHS = NO;
				CLANG_ANALYZER_NONNULL = YES;
				CLANG_ANALYZER_NUMBER_OBJECT_CONVERSION = YES_AGGRESSIVE;
				CLANG_CXX_LANGUAGE_STANDARD = "gnu++14";
				CLANG_CXX_LIBRARY = "libc++";
				CLANG_ENABLE_MODULES = YES;
				CLANG_ENABLE_OBJC_ARC = YES;
				CLANG_WARN_BLOCK_CAPTURE_AUTORELEASING = YES;
				CLANG_WARN_BOOL_CONVERSION = YES;
				CLANG_WARN_COMMA = YES;
				CLANG_WARN_CONSTANT_CONVERSION = YES;
				CLANG_WARN_DIRECT_OBJC_ISA_USAGE = YES_ERROR;
				CLANG_WARN_DOCUMENTATION_COMMENTS = YES;
				CLANG_WARN_EMPTY_BODY = YES;
				CLANG_WARN_ENUM_CONVERSION = YES;
				CLANG_WARN_INFINITE_RECURSION = YES;
				CLANG_WARN_INT_CONVERSION = YES;
				CLANG_WARN_NON_LITERAL_NULL_CONVERSION = YES;
				CLANG_WARN_OBJC_LITERAL_CONVERSION = YES;
				CLANG_WARN_OBJC_ROOT_CLASS = YES_ERROR;
				CLANG_WARN_RANGE_LOOP_ANALYSIS = YES;
				CLANG_WARN_STRICT_PROTOTYPES = YES;
				CLANG_WARN_SUSPICIOUS_MOVE = YES;
				CLANG_WARN_UNGUARDED_AVAILABILITY = YES_AGGRESSIVE;
				CLANG_WARN_UNREACHABLE_CODE = YES;
				CLANG_WARN__DUPLICATE_METHOD_MATCH = YES;
				CODE_SIGN_IDENTITY = "iPhone Developer";
				COPY_PHASE_STRIP = NO;
				DEBUG_INFORMATION_FORMAT = "dwarf-with-dsym";
				ENABLE_NS_ASSERTIONS = NO;
				ENABLE_STRICT_OBJC_MSGSEND = YES;
				GCC_C_LANGUAGE_STANDARD = gnu11;
				GCC_NO_COMMON_BLOCKS = YES;
				GCC_WARN_64_TO_32_BIT_CONVERSION = YES;
				GCC_WARN_ABOUT_RETURN_TYPE = YES_ERROR;
				GCC_WARN_UNDECLARED_SELECTOR = YES;
				GCC_WARN_UNINITIALIZED_AUTOS = YES_AGGRESSIVE;
				GCC_WARN_UNUSED_FUNCTION = YES;
				GCC_WARN_UNUSED_VARIABLE = YES;
				IPHONEOS_DEPLOYMENT_TARGET = 11.0;
				MTL_ENABLE_DEBUG_INFO = NO;
				SDKROOT = iphoneos;
				VALIDATE_PRODUCT = YES;
			};
			name = Release;
		};
		86131429200D9D7300F451BD /* Debug */ = {
			isa = XCBuildConfiguration;
			buildSettings = {
				ASSETCATALOG_COMPILER_APPICON_NAME = AppIcon;
				CODE_SIGN_STYLE = Automatic;
				DEVELOPMENT_TEAM = CE473MJ53W;
				INFOPLIST_FILE = "UIView动画/Info.plist";
				LD_RUNPATH_SEARCH_PATHS = "$(inherited) @executable_path/Frameworks";
				PRODUCT_BUNDLE_IDENTIFIER = "com.godyu.sencanblue.UIView--";
				PRODUCT_NAME = "$(TARGET_NAME)";
				TARGETED_DEVICE_FAMILY = "1,2";
			};
			name = Debug;
		};
		8613142A200D9D7300F451BD /* Release */ = {
			isa = XCBuildConfiguration;
			buildSettings = {
				ASSETCATALOG_COMPILER_APPICON_NAME = AppIcon;
				CODE_SIGN_STYLE = Automatic;
				DEVELOPMENT_TEAM = CE473MJ53W;
				INFOPLIST_FILE = "UIView动画/Info.plist";
				LD_RUNPATH_SEARCH_PATHS = "$(inherited) @executable_path/Frameworks";
				PRODUCT_BUNDLE_IDENTIFIER = "com.godyu.sencanblue.UIView--";
				PRODUCT_NAME = "$(TARGET_NAME)";
				TARGETED_DEVICE_FAMILY = "1,2";
			};
			name = Release;
		};
		8613142C200D9D7300F451BD /* Debug */ = {
			isa = XCBuildConfiguration;
			buildSettings = {
				BUNDLE_LOADER = "$(TEST_HOST)";
				CODE_SIGN_STYLE = Automatic;
				DEVELOPMENT_TEAM = CE473MJ53W;
				INFOPLIST_FILE = "UIView动画Tests/Info.plist";
				LD_RUNPATH_SEARCH_PATHS = "$(inherited) @executable_path/Frameworks @loader_path/Frameworks";
				PRODUCT_BUNDLE_IDENTIFIER = "com.godyu.sencanblue.UIView--Tests";
				PRODUCT_NAME = "$(TARGET_NAME)";
				TARGETED_DEVICE_FAMILY = "1,2";
				TEST_HOST = "$(BUILT_PRODUCTS_DIR)/UIView动画.app/UIView动画";
			};
			name = Debug;
		};
		8613142D200D9D7300F451BD /* Release */ = {
			isa = XCBuildConfiguration;
			buildSettings = {
				BUNDLE_LOADER = "$(TEST_HOST)";
				CODE_SIGN_STYLE = Automatic;
				DEVELOPMENT_TEAM = CE473MJ53W;
				INFOPLIST_FILE = "UIView动画Tests/Info.plist";
				LD_RUNPATH_SEARCH_PATHS = "$(inherited) @executable_path/Frameworks @loader_path/Frameworks";
				PRODUCT_BUNDLE_IDENTIFIER = "com.godyu.sencanblue.UIView--Tests";
				PRODUCT_NAME = "$(TARGET_NAME)";
				TARGETED_DEVICE_FAMILY = "1,2";
				TEST_HOST = "$(BUILT_PRODUCTS_DIR)/UIView动画.app/UIView动画";
			};
			name = Release;
		};
		8613142F200D9D7300F451BD /* Debug */ = {
			isa = XCBuildConfiguration;
			buildSettings = {
				CODE_SIGN_STYLE = Automatic;
				DEVELOPMENT_TEAM = CE473MJ53W;
				INFOPLIST_FILE = "UIView动画UITests/Info.plist";
				LD_RUNPATH_SEARCH_PATHS = "$(inherited) @executable_path/Frameworks @loader_path/Frameworks";
				PRODUCT_BUNDLE_IDENTIFIER = "com.godyu.sencanblue.UIView--UITests";
				PRODUCT_NAME = "$(TARGET_NAME)";
				TARGETED_DEVICE_FAMILY = "1,2";
				TEST_TARGET_NAME = "UIView动画";
			};
			name = Debug;
		};
		86131430200D9D7300F451BD /* Release */ = {
			isa = XCBuildConfiguration;
			buildSettings = {
				CODE_SIGN_STYLE = Automatic;
				DEVELOPMENT_TEAM = CE473MJ53W;
				INFOPLIST_FILE = "UIView动画UITests/Info.plist";
				LD_RUNPATH_SEARCH_PATHS = "$(inherited) @executable_path/Frameworks @loader_path/Frameworks";
				PRODUCT_BUNDLE_IDENTIFIER = "com.godyu.sencanblue.UIView--UITests";
				PRODUCT_NAME = "$(TARGET_NAME)";
				TARGETED_DEVICE_FAMILY = "1,2";
				TEST_TARGET_NAME = "UIView动画";
			};
			name = Release;
		};
/* End XCBuildConfiguration section */

/* Begin XCConfigurationList section */
		861313F7200D9D7200F451BD /* Build configuration list for PBXProject "UIView动画" */ = {
			isa = XCConfigurationList;
			buildConfigurations = (
				86131426200D9D7300F451BD /* Debug */,
				86131427200D9D7300F451BD /* Release */,
			);
			defaultConfigurationIsVisible = 0;
			defaultConfigurationName = Release;
		};
		86131428200D9D7300F451BD /* Build configuration list for PBXNativeTarget "UIView动画" */ = {
			isa = XCConfigurationList;
			buildConfigurations = (
				86131429200D9D7300F451BD /* Debug */,
				8613142A200D9D7300F451BD /* Release */,
			);
			defaultConfigurationIsVisible = 0;
			defaultConfigurationName = Release;
		};
		8613142B200D9D7300F451BD /* Build configuration list for PBXNativeTarget "UIView动画Tests" */ = {
			isa = XCConfigurationList;
			buildConfigurations = (
				8613142C200D9D7300F451BD /* Debug */,
				8613142D200D9D7300F451BD /* Release */,
			);
			defaultConfigurationIsVisible = 0;
			defaultConfigurationName = Release;
		};
		8613142E200D9D7300F451BD /* Build configuration list for PBXNativeTarget "UIView动画UITests" */ = {
			isa = XCConfigurationList;
			buildConfigurations = (
				8613142F200D9D7300F451BD /* Debug */,
				86131430200D9D7300F451BD /* Release */,
			);
			defaultConfigurationIsVisible = 0;
			defaultConfigurationName = Release;
		};
/* End XCConfigurationList section */
	};
	rootObject = 861313F4200D9D7200F451BD /* Project object */;
}
